{
  "version": 4,
  "terraform_version": "1.4.6",
  "serial": 9,
  "lineage": "f37f330a-4df5-a8e6-2dc1-827cd9138d62",
  "outputs": {},
  "resources": [
    {
      "mode": "managed",
      "type": "aws_dynamodb_table",
      "name": "TeAmCyPrEsS",
      "provider": "provider[\"registry.terraform.io/hashicorp/aws\"]",
      "instances": [
        {
          "schema_version": 1,
          "attributes": {
            "arn": "arn:aws:dynamodb:us-east-1:176906365059:table/CypressRaterOne",
            "attribute": [
              {
                "name": "CypressRaterOneId",
                "type": "S"
              }
            ],
            "billing_mode": "PROVISIONED",
            "deletion_protection_enabled": false,
            "global_secondary_index": [],
            "hash_key": "CypressRaterOneId",
            "id": "CypressRaterOne",
            "local_secondary_index": [],
            "name": "CypressRaterOne",
            "point_in_time_recovery": [
              {
                "enabled": false
              }
            ],
            "range_key": null,
            "read_capacity": 5,
            "replica": [],
            "restore_date_time": null,
            "restore_source_name": null,
            "restore_to_latest_time": null,
            "server_side_encryption": [],
            "stream_arn": "",
            "stream_enabled": false,
            "stream_label": "",
            "stream_view_type": "",
            "table_class": "STANDARD",
            "tags": {
              "Name": "TeamCypress",
              "Purpose": "Pain"
            },
            "tags_all": {
              "Name": "TeamCypress",
              "Purpose": "Pain"
            },
            "timeouts": null,
            "ttl": [
              {
                "attribute_name": "",
                "enabled": false
              }
            ],
            "write_capacity": 5
          },
          "sensitive_attributes": [],
          "private": "eyJlMmJmYjczMC1lY2FhLTExZTYtOGY4OC0zNDM2M2JjN2M0YzAiOnsiY3JlYXRlIjoxODAwMDAwMDAwMDAwLCJkZWxldGUiOjYwMDAwMDAwMDAwMCwidXBkYXRlIjozNjAwMDAwMDAwMDAwfSwic2NoZW1hX3ZlcnNpb24iOiIxIn0="
        }
      ]
    },
    {
      "mode": "managed",
      "type": "aws_dynamodb_table_item",
      "name": "item1",
      "provider": "provider[\"registry.terraform.io/hashicorp/aws\"]",
      "instances": [
        {
          "schema_version": 0,
          "attributes": {
            "hash_key": "CypressRaterOneId",
            "id": "CypressRaterOne|CypressRaterOneId||001|",
            "item": "{\"CypressRaterOneFirstName\":{\"S\":\"Carlos\"},\"CypressRaterOneGrade\":{\"N\":\"98\"},\"CypressRaterOneId\":{\"S\":\"001\"},\"CypressRaterOneLastName\":{\"S\":\"Garcia\"}}",
            "range_key": null,
            "table_name": "CypressRaterOne"
          },
          "sensitive_attributes": [],
          "private": "bnVsbA==",
          "dependencies": [
            "aws_dynamodb_table.TeAmCyPrEsS"
          ]
        }
      ]
    }
  ],
  "check_results": null
}
